
Microsoft Visual Studio Solution File, Format Version 12.00
# Visual Studio Version 17
VisualStudioVersion = 17.8.34330.188
MinimumVisualStudioVersion = 10.0.40219.1
Project("{FAE04EC0-301F-11D3-BF4B-00C04F79EFBC}") = "STP", "STP\STP.csproj", "{EA1491CA-5518-4FF6-A65B-8879C132D055}"
EndProject
Global
	GlobalSection(SolutionConfigurationPlatforms) = preSolution
		Debug|Any CPU = Debug|Any CPU
		Release|Any CPU = Release|Any CPU
	EndGlobalSection
	GlobalSection(ProjectConfigurationPlatforms) = postSolution
		{EA1491CA-5518-4FF6-A65B-8879C132D055}.Debug|Any CPU.ActiveCfg = Debug|Any CPU
		{EA1491CA-5518-4FF6-A65B-8879C132D055}.Debug|Any CPU.Build.0 = Debug|Any CPU
		{EA1491CA-5518-4FF6-A65B-8879C132D055}.Release|Any CPU.ActiveCfg = Release|Any CPU
		{EA1491CA-5518-4FF6-A65B-8879C132D055}.Release|Any CPU.Build.0 = Release|Any CPU
	EndGlobalSection
	GlobalSection(SolutionProperties) = preSolution
		HideSolutionNode = FALSE
	EndGlobalSection
	GlobalSection(ExtensibilityGlobals) = postSolution
		SolutionGuid = {B0240CC5-DA2F-4D6B-AB0F-717E0DF70389}
	EndGlobalSection
EndGlobal
